
Microsoft Visual Studio Solution File, Format Version 12.00
# Visual Studio Version 17
VisualStudioVersion = 17.0.31912.275
MinimumVisualStudioVersion = 10.0.40219.1
Project("{2150E333-8FDC-42A3-9474-1A3956D46DE8}") = "src", "src", "{6858AEE3-888E-4E2A-8B8C-5A485D6239E7}"
EndProject
Project("{2150E333-8FDC-42A3-9474-1A3956D46DE8}") = "tests", "tests", "{6AC1859C-7AF0-4AA6-88AF-DDCD370D0F34}"
EndProject
Project("{9A19103F-16F7-4668-BE54-9A1E7A4F7556}") = "Shared", "src\Shared\Shared.csproj", "{8BC77BD5-6863-4148-995F-7E2538F52078}"
EndProject
Project("{9A19103F-16F7-4668-BE54-9A1E7A4F7556}") = "DataHub.OperationalDataStore", "src\DataHub.OperationalDataStore\DataHub.OperationalDataStore.csproj", "{AB00E50B-F52F-4531-92BC-C4FA13D1AEA5}"
EndProject
Project("{9A19103F-16F7-4668-BE54-9A1E7A4F7556}") = "DataHub.AnalyticDataStore", "src\DataHub.AnalyticDataStore\DataHub.AnalyticDataStore.csproj", "{FC2A07A9-4982-4C09-A53B-B4C666A81608}"
EndProject
Project("{9A19103F-16F7-4668-BE54-9A1E7A4F7556}") = "FundAdministration.GlobalAccounting", "src\FundAdministration.GlobalAccounting\FundAdministration.GlobalAccounting.csproj", "{6F5C92F6-34C5-4BE1-802E-41A7F884AD02}"
EndProject
Project("{9A19103F-16F7-4668-BE54-9A1E7A4F7556}") = "FundAdministration.GlobalInvestor", "src\FundAdministration.GlobalInvestor\FundAdministration.GlobalInvestor.csproj", "{EDFC5908-3D35-4B95-86EE-950CA128EBD2}"
EndProject
Project("{9A19103F-16F7-4668-BE54-9A1E7A4F7556}") = "Transact.Enterprise", "src\Transact.Enterprise\Transact.Enterprise.csproj", "{8F875A5D-76DA-4310-8847-DDF661DBFF22}"
EndProject
Project("{9A19103F-16F7-4668-BE54-9A1E7A4F7556}") = "Transact.Loan", "src\Transact.Loans\Transact.Loan.csproj", "{06C6F650-66FD-4619-9F0D-504BAFE95D9B}"
EndProject
Project("{9A19103F-16F7-4668-BE54-9A1E7A4F7556}") = "Transact.Party", "src\Transact.Party\Transact.Party.csproj", "{5256F526-4683-40A8-B561-ED6CA0480E81}"
EndProject
Project("{9A19103F-16F7-4668-BE54-9A1E7A4F7556}") = "Transact.Product", "src\Transact.Product\Transact.Product.csproj", "{480A25C5-CA8B-45CA-8C19-1388CA15395D}"
EndProject
Project("{9A19103F-16F7-4668-BE54-9A1E7A4F7556}") = "Transact.Reference", "src\Transact.Reference\Transact.Reference.csproj", "{324DA92D-0C6A-43BA-866A-77C960FC3DE3}"
EndProject
Project("{9A19103F-16F7-4668-BE54-9A1E7A4F7556}") = "Transact.System", "src\Transact.System\Transact.System.csproj", "{095306F5-F242-4CFB-8CD4-D258C07C4CDA}"
EndProject
Project("{9A19103F-16F7-4668-BE54-9A1E7A4F7556}") = "Transact.Meta", "src\Transact.Meta\Transact.Meta.csproj", "{ABA04867-3D1A-41DD-8040-761D3D28ED9D}"
EndProject
Project("{2150E333-8FDC-42A3-9474-1A3956D46DE8}") = "Solution Items", "Solution Items", "{EDA0FB79-F3F3-42F1-BF17-6A6884331762}"
	ProjectSection(SolutionItems) = preProject
		.editorconfig = .editorconfig
		README.md = README.md
		test.runsettings = test.runsettings
	EndProjectSection
EndProject
Project("{9A19103F-16F7-4668-BE54-9A1E7A4F7556}") = "DataHub.AnalyticDataStore.Holding", "src\DataHub.AnalyticDataStore.Holding\DataHub.AnalyticDataStore.Holding.csproj", "{B98C02B0-42A3-4247-8035-EA7CF25530A7}"
EndProject
Project("{9A19103F-16F7-4668-BE54-9A1E7A4F7556}") = "DataHub.AnalyticDataStore.Party", "src\DataHub.AnalyticDataStore.Party\DataHub.AnalyticDataStore.Party.csproj", "{1B445E18-6CE2-43D6-84A4-E40B77B96FFF}"
EndProject
Project("{9A19103F-16F7-4668-BE54-9A1E7A4F7556}") = "DataHub.AnalyticDataStore.Product", "src\DataHub.AnalyticDataStore.Product\DataHub.AnalyticDataStore.Product.csproj", "{D86235D8-5062-4106-9757-FD1D822E8558}"
EndProject
Project("{9A19103F-16F7-4668-BE54-9A1E7A4F7556}") = "DataHub.OperationalDataStore.Holding", "src\DataHub.OperationalDataStore.Holding\DataHub.OperationalDataStore.Holding.csproj", "{D6F228F0-AB74-4AB3-A727-6D6C91A14455}"
EndProject
Project("{9A19103F-16F7-4668-BE54-9A1E7A4F7556}") = "DataHub.OperationalDataStore.Order", "src\DataHub.OperationalDataStore.Order\DataHub.OperationalDataStore.Order.csproj", "{7EA0E1CA-11BA-4A07-BB81-56426BBA1F34}"
EndProject
Project("{9A19103F-16F7-4668-BE54-9A1E7A4F7556}") = "DataHub.OperationalDataStore.Party", "src\DataHub.OperationalDataStore.Party\DataHub.OperationalDataStore.Party.csproj", "{DEF498F4-BD50-4F7C-A646-F038309478CA}"
EndProject
Project("{9A19103F-16F7-4668-BE54-9A1E7A4F7556}") = "DataHub.OperationalDataStore.Product", "src\DataHub.OperationalDataStore.Product\DataHub.OperationalDataStore.Product.csproj", "{1F34354D-9B0D-43DC-84B0-3933B283D42F}"
EndProject
Project("{9A19103F-16F7-4668-BE54-9A1E7A4F7556}") = "DataHub.OperationalDataStore.Reference", "src\DataHub.OperationalDataStore.Reference\DataHub.OperationalDataStore.Reference.csproj", "{223E9495-1B57-48FA-B3A8-095DC16D9FD5}"
EndProject
Project("{9A19103F-16F7-4668-BE54-9A1E7A4F7556}") = "DataHub.OperationalDataStore.System", "src\DataHub.OperationalDataStore.System\DataHub.OperationalDataStore.System.csproj", "{FD305E2A-C81D-4118-BB0B-C68D897E93C8}"
EndProject
Project("{9A19103F-16F7-4668-BE54-9A1E7A4F7556}") = "Transact", "src\Transact\Transact.csproj", "{2C030AC6-D6C4-4ECC-8849-56B2B0D2A9BF}"
EndProject
Project("{2150E333-8FDC-42A3-9474-1A3956D46DE8}") = "OpenApis", "OpenApis", "{08A1970D-F43B-4A9E-98A3-AD698F317E8C}"
	ProjectSection(SolutionItems) = preProject
		OpenApis\DownloadTemenosOpenApiRepo.ps1 = OpenApis\DownloadTemenosOpenApiRepo.ps1
	EndProjectSection
EndProject
Project("{2150E333-8FDC-42A3-9474-1A3956D46DE8}") = "DataHub", "DataHub", "{84464734-D979-4554-85D1-E17C8F4B31A1}"
EndProject
Project("{2150E333-8FDC-42A3-9474-1A3956D46DE8}") = "AnalyticDataStore", "AnalyticDataStore", "{10E8522A-83B9-46DB-9DA3-B3D061D108D2}"
EndProject
Project("{2150E333-8FDC-42A3-9474-1A3956D46DE8}") = "OperationalDataStore", "OperationalDataStore", "{C29938D6-6DDC-4E35-9161-CC95CA19BA3D}"
EndProject
Project("{2150E333-8FDC-42A3-9474-1A3956D46DE8}") = "Fund Administration APIs", "Fund Administration APIs", "{80DB6649-8931-4A7F-B5F4-8A6710AB102E}"
EndProject
Project("{2150E333-8FDC-42A3-9474-1A3956D46DE8}") = "Global Accounting", "Global Accounting", "{84BC456B-2D06-4C07-80E4-0B330F4A58B8}"
EndProject
Project("{2150E333-8FDC-42A3-9474-1A3956D46DE8}") = "Global Investor", "Global Investor", "{21B4276F-7DCE-47FA-B2C8-4245ED103F84}"
EndProject
Project("{2150E333-8FDC-42A3-9474-1A3956D46DE8}") = "FCM APIs", "FCM APIs", "{2146E9D2-CB98-45AF-9C5C-FC52444F8F93}"
EndProject
Project("{2150E333-8FDC-42A3-9474-1A3956D46DE8}") = "Transact APIs", "Transact APIs", "{54067BFD-3C60-44DA-8A44-52F066C5B0E6}"
EndProject
Project("{2150E333-8FDC-42A3-9474-1A3956D46DE8}") = "Portfolio Management APIs", "Portfolio Management APIs", "{8A120BF2-F6D3-426D-B8DD-302446CEE2F3}"
EndProject
Project("{9A19103F-16F7-4668-BE54-9A1E7A4F7556}") = "FinancialCrimeMitigation", "src\FinancialCrimeMitigation\FinancialCrimeMitigation.csproj", "{D38D4E64-9ADC-43B3-A422-4754AD0342EF}"
EndProject
Project("{9A19103F-16F7-4668-BE54-9A1E7A4F7556}") = "FundAdministration.GlobalAccounting.Holding", "src\FundAdministration.GlobalAccounting.Holding\FundAdministration.GlobalAccounting.Holding.csproj", "{2F25E095-CEDD-4F22-BEBC-7F1980E66C25}"
EndProject
Project("{9A19103F-16F7-4668-BE54-9A1E7A4F7556}") = "FundAdministration.GlobalAccounting.Order", "src\FundAdministration.GlobalAccounting.Order\FundAdministration.GlobalAccounting.Order.csproj", "{F30D768D-C8E7-4C0A-9A64-19C2B6B4E85D}"
EndProject
Project("{9A19103F-16F7-4668-BE54-9A1E7A4F7556}") = "FundAdministration.GlobalAccounting.Reference", "src\FundAdministration.GlobalAccounting.Reference\FundAdministration.GlobalAccounting.Reference.csproj", "{431AB5F0-3A4C-4E86-8756-EB0D85C49DA8}"
EndProject
Project("{9A19103F-16F7-4668-BE54-9A1E7A4F7556}") = "FundAdministration.GlobalInvestor.Order", "src\FundAdministration.GlobalInvestor.Order\FundAdministration.GlobalInvestor.Order.csproj", "{ADFD8B4B-6071-41B7-8376-D4B771A1C44D}"
EndProject
Project("{9A19103F-16F7-4668-BE54-9A1E7A4F7556}") = "FundAdministration.GlobalInvestor.Party", "src\FundAdministration.GlobalInvestor.Party\FundAdministration.GlobalInvestor.Party.csproj", "{27A9E298-EF8D-46E2-83CE-824BF0E3827E}"
EndProject
Project("{9A19103F-16F7-4668-BE54-9A1E7A4F7556}") = "FundAdministration.GlobalInvestor.Product", "src\FundAdministration.GlobalInvestor.Product\FundAdministration.GlobalInvestor.Product.csproj", "{21A5E3DB-BED1-41C0-BEB8-1677639AB3D1}"
EndProject
Project("{9A19103F-16F7-4668-BE54-9A1E7A4F7556}") = "FundAdministration.GlobalInvestor.Reference", "src\FundAdministration.GlobalInvestor.Reference\FundAdministration.GlobalInvestor.Reference.csproj", "{0E8FF449-ADA4-477E-BD96-CA027CA72B67}"
EndProject
Project("{9A19103F-16F7-4668-BE54-9A1E7A4F7556}") = "FundAdministration.GlobalInvestor.System", "src\FundAdministration.GlobalInvestor.System\FundAdministration.GlobalInvestor.System.csproj", "{FD2AB212-C764-48AE-A8FC-9A896D909A18}"
EndProject
Project("{9A19103F-16F7-4668-BE54-9A1E7A4F7556}") = "PortfolioManagement", "src\PortfolioManagement\PortfolioManagement.csproj", "{53F64612-5B1D-4A31-8F25-718598104ED4}"
EndProject
Project("{9A19103F-16F7-4668-BE54-9A1E7A4F7556}") = "Transact.Holding", "src\Transact.Holding\Transact.Holding.csproj", "{71AE2DEB-61BA-46F4-BD7C-1C5C540B842F}"
EndProject
Project("{9A19103F-16F7-4668-BE54-9A1E7A4F7556}") = "Transact.Microservice", "src\Transact.Microservice\Transact.Microservice.csproj", "{217CD5B8-C183-4E45-BB32-84BB3CDCA5AA}"
EndProject
Project("{9A19103F-16F7-4668-BE54-9A1E7A4F7556}") = "Transact.Order", "src\Transact.Order\Transact.Order.csproj", "{4E116D17-468F-4C50-ABFA-E73325CA9F33}"
EndProject
Project("{9A19103F-16F7-4668-BE54-9A1E7A4F7556}") = "OpenTemenos", "src\OpenTemenos\OpenTemenos.csproj", "{AFDC5054-7922-4743-93F5-0E09A07F0048}"
EndProject
Project("{9A19103F-16F7-4668-BE54-9A1E7A4F7556}") = "OpenTemenos.Tests", "tests\OpenTemenos.Tests\OpenTemenos.Tests.csproj", "{FB2F72D1-1748-4A96-93E9-88D2A0F86FAB}"
EndProject
Project("{2150E333-8FDC-42A3-9474-1A3956D46DE8}") = "Payments APIs", "Payments APIs", "{31B50F43-B768-4594-9D1D-1BE89D476843}"
EndProject
Project("{9A19103F-16F7-4668-BE54-9A1E7A4F7556}") = "Payment", "src\Payment\Payment.csproj", "{2DD66A14-D93D-4D03-8417-1ADBB3A04384}"
EndProject
Global
	GlobalSection(SolutionConfigurationPlatforms) = preSolution
		Debug|Any CPU = Debug|Any CPU
		Release|Any CPU = Release|Any CPU
	EndGlobalSection
	GlobalSection(ProjectConfigurationPlatforms) = postSolution
		{8BC77BD5-6863-4148-995F-7E2538F52078}.Debug|Any CPU.ActiveCfg = Debug|Any CPU
		{8BC77BD5-6863-4148-995F-7E2538F52078}.Debug|Any CPU.Build.0 = Debug|Any CPU
		{8BC77BD5-6863-4148-995F-7E2538F52078}.Release|Any CPU.ActiveCfg = Release|Any CPU
		{8BC77BD5-6863-4148-995F-7E2538F52078}.Release|Any CPU.Build.0 = Release|Any CPU
		{AB00E50B-F52F-4531-92BC-C4FA13D1AEA5}.Debug|Any CPU.ActiveCfg = Debug|Any CPU
		{AB00E50B-F52F-4531-92BC-C4FA13D1AEA5}.Debug|Any CPU.Build.0 = Debug|Any CPU
		{AB00E50B-F52F-4531-92BC-C4FA13D1AEA5}.Release|Any CPU.ActiveCfg = Release|Any CPU
		{AB00E50B-F52F-4531-92BC-C4FA13D1AEA5}.Release|Any CPU.Build.0 = Release|Any CPU
		{FC2A07A9-4982-4C09-A53B-B4C666A81608}.Debug|Any CPU.ActiveCfg = Debug|Any CPU
		{FC2A07A9-4982-4C09-A53B-B4C666A81608}.Debug|Any CPU.Build.0 = Debug|Any CPU
		{FC2A07A9-4982-4C09-A53B-B4C666A81608}.Release|Any CPU.ActiveCfg = Release|Any CPU
		{FC2A07A9-4982-4C09-A53B-B4C666A81608}.Release|Any CPU.Build.0 = Release|Any CPU
		{6F5C92F6-34C5-4BE1-802E-41A7F884AD02}.Debug|Any CPU.ActiveCfg = Debug|Any CPU
		{6F5C92F6-34C5-4BE1-802E-41A7F884AD02}.Debug|Any CPU.Build.0 = Debug|Any CPU
		{6F5C92F6-34C5-4BE1-802E-41A7F884AD02}.Release|Any CPU.ActiveCfg = Release|Any CPU
		{6F5C92F6-34C5-4BE1-802E-41A7F884AD02}.Release|Any CPU.Build.0 = Release|Any CPU
		{EDFC5908-3D35-4B95-86EE-950CA128EBD2}.Debug|Any CPU.ActiveCfg = Debug|Any CPU
		{EDFC5908-3D35-4B95-86EE-950CA128EBD2}.Debug|Any CPU.Build.0 = Debug|Any CPU
		{EDFC5908-3D35-4B95-86EE-950CA128EBD2}.Release|Any CPU.ActiveCfg = Release|Any CPU
		{EDFC5908-3D35-4B95-86EE-950CA128EBD2}.Release|Any CPU.Build.0 = Release|Any CPU
		{8F875A5D-76DA-4310-8847-DDF661DBFF22}.Debug|Any CPU.ActiveCfg = Debug|Any CPU
		{8F875A5D-76DA-4310-8847-DDF661DBFF22}.Debug|Any CPU.Build.0 = Debug|Any CPU
		{8F875A5D-76DA-4310-8847-DDF661DBFF22}.Release|Any CPU.ActiveCfg = Release|Any CPU
		{8F875A5D-76DA-4310-8847-DDF661DBFF22}.Release|Any CPU.Build.0 = Release|Any CPU
		{06C6F650-66FD-4619-9F0D-504BAFE95D9B}.Debug|Any CPU.ActiveCfg = Debug|Any CPU
		{06C6F650-66FD-4619-9F0D-504BAFE95D9B}.Debug|Any CPU.Build.0 = Debug|Any CPU
		{06C6F650-66FD-4619-9F0D-504BAFE95D9B}.Release|Any CPU.ActiveCfg = Release|Any CPU
		{06C6F650-66FD-4619-9F0D-504BAFE95D9B}.Release|Any CPU.Build.0 = Release|Any CPU
		{5256F526-4683-40A8-B561-ED6CA0480E81}.Debug|Any CPU.ActiveCfg = Debug|Any CPU
		{5256F526-4683-40A8-B561-ED6CA0480E81}.Debug|Any CPU.Build.0 = Debug|Any CPU
		{5256F526-4683-40A8-B561-ED6CA0480E81}.Release|Any CPU.ActiveCfg = Release|Any CPU
		{5256F526-4683-40A8-B561-ED6CA0480E81}.Release|Any CPU.Build.0 = Release|Any CPU
		{480A25C5-CA8B-45CA-8C19-1388CA15395D}.Debug|Any CPU.ActiveCfg = Debug|Any CPU
		{480A25C5-CA8B-45CA-8C19-1388CA15395D}.Debug|Any CPU.Build.0 = Debug|Any CPU
		{480A25C5-CA8B-45CA-8C19-1388CA15395D}.Release|Any CPU.ActiveCfg = Release|Any CPU
		{480A25C5-CA8B-45CA-8C19-1388CA15395D}.Release|Any CPU.Build.0 = Release|Any CPU
		{324DA92D-0C6A-43BA-866A-77C960FC3DE3}.Debug|Any CPU.ActiveCfg = Debug|Any CPU
		{324DA92D-0C6A-43BA-866A-77C960FC3DE3}.Debug|Any CPU.Build.0 = Debug|Any CPU
		{324DA92D-0C6A-43BA-866A-77C960FC3DE3}.Release|Any CPU.ActiveCfg = Release|Any CPU
		{324DA92D-0C6A-43BA-866A-77C960FC3DE3}.Release|Any CPU.Build.0 = Release|Any CPU
		{095306F5-F242-4CFB-8CD4-D258C07C4CDA}.Debug|Any CPU.ActiveCfg = Debug|Any CPU
		{095306F5-F242-4CFB-8CD4-D258C07C4CDA}.Debug|Any CPU.Build.0 = Debug|Any CPU
		{095306F5-F242-4CFB-8CD4-D258C07C4CDA}.Release|Any CPU.ActiveCfg = Release|Any CPU
		{095306F5-F242-4CFB-8CD4-D258C07C4CDA}.Release|Any CPU.Build.0 = Release|Any CPU
		{ABA04867-3D1A-41DD-8040-761D3D28ED9D}.Debug|Any CPU.ActiveCfg = Debug|Any CPU
		{ABA04867-3D1A-41DD-8040-761D3D28ED9D}.Debug|Any CPU.Build.0 = Debug|Any CPU
		{ABA04867-3D1A-41DD-8040-761D3D28ED9D}.Release|Any CPU.ActiveCfg = Release|Any CPU
		{ABA04867-3D1A-41DD-8040-761D3D28ED9D}.Release|Any CPU.Build.0 = Release|Any CPU
		{B98C02B0-42A3-4247-8035-EA7CF25530A7}.Debug|Any CPU.ActiveCfg = Debug|Any CPU
		{B98C02B0-42A3-4247-8035-EA7CF25530A7}.Debug|Any CPU.Build.0 = Debug|Any CPU
		{B98C02B0-42A3-4247-8035-EA7CF25530A7}.Release|Any CPU.ActiveCfg = Release|Any CPU
		{B98C02B0-42A3-4247-8035-EA7CF25530A7}.Release|Any CPU.Build.0 = Release|Any CPU
		{1B445E18-6CE2-43D6-84A4-E40B77B96FFF}.Debug|Any CPU.ActiveCfg = Debug|Any CPU
		{1B445E18-6CE2-43D6-84A4-E40B77B96FFF}.Debug|Any CPU.Build.0 = Debug|Any CPU
		{1B445E18-6CE2-43D6-84A4-E40B77B96FFF}.Release|Any CPU.ActiveCfg = Release|Any CPU
		{1B445E18-6CE2-43D6-84A4-E40B77B96FFF}.Release|Any CPU.Build.0 = Release|Any CPU
		{D86235D8-5062-4106-9757-FD1D822E8558}.Debug|Any CPU.ActiveCfg = Debug|Any CPU
		{D86235D8-5062-4106-9757-FD1D822E8558}.Debug|Any CPU.Build.0 = Debug|Any CPU
		{D86235D8-5062-4106-9757-FD1D822E8558}.Release|Any CPU.ActiveCfg = Release|Any CPU
		{D86235D8-5062-4106-9757-FD1D822E8558}.Release|Any CPU.Build.0 = Release|Any CPU
		{D6F228F0-AB74-4AB3-A727-6D6C91A14455}.Debug|Any CPU.ActiveCfg = Debug|Any CPU
		{D6F228F0-AB74-4AB3-A727-6D6C91A14455}.Debug|Any CPU.Build.0 = Debug|Any CPU
		{D6F228F0-AB74-4AB3-A727-6D6C91A14455}.Release|Any CPU.ActiveCfg = Release|Any CPU
		{D6F228F0-AB74-4AB3-A727-6D6C91A14455}.Release|Any CPU.Build.0 = Release|Any CPU
		{7EA0E1CA-11BA-4A07-BB81-56426BBA1F34}.Debug|Any CPU.ActiveCfg = Debug|Any CPU
		{7EA0E1CA-11BA-4A07-BB81-56426BBA1F34}.Debug|Any CPU.Build.0 = Debug|Any CPU
		{7EA0E1CA-11BA-4A07-BB81-56426BBA1F34}.Release|Any CPU.ActiveCfg = Release|Any CPU
		{7EA0E1CA-11BA-4A07-BB81-56426BBA1F34}.Release|Any CPU.Build.0 = Release|Any CPU
		{DEF498F4-BD50-4F7C-A646-F038309478CA}.Debug|Any CPU.ActiveCfg = Debug|Any CPU
		{DEF498F4-BD50-4F7C-A646-F038309478CA}.Debug|Any CPU.Build.0 = Debug|Any CPU
		{DEF498F4-BD50-4F7C-A646-F038309478CA}.Release|Any CPU.ActiveCfg = Release|Any CPU
		{DEF498F4-BD50-4F7C-A646-F038309478CA}.Release|Any CPU.Build.0 = Release|Any CPU
		{1F34354D-9B0D-43DC-84B0-3933B283D42F}.Debug|Any CPU.ActiveCfg = Debug|Any CPU
		{1F34354D-9B0D-43DC-84B0-3933B283D42F}.Debug|Any CPU.Build.0 = Debug|Any CPU
		{1F34354D-9B0D-43DC-84B0-3933B283D42F}.Release|Any CPU.ActiveCfg = Release|Any CPU
		{1F34354D-9B0D-43DC-84B0-3933B283D42F}.Release|Any CPU.Build.0 = Release|Any CPU
		{223E9495-1B57-48FA-B3A8-095DC16D9FD5}.Debug|Any CPU.ActiveCfg = Debug|Any CPU
		{223E9495-1B57-48FA-B3A8-095DC16D9FD5}.Debug|Any CPU.Build.0 = Debug|Any CPU
		{223E9495-1B57-48FA-B3A8-095DC16D9FD5}.Release|Any CPU.ActiveCfg = Release|Any CPU
		{223E9495-1B57-48FA-B3A8-095DC16D9FD5}.Release|Any CPU.Build.0 = Release|Any CPU
		{FD305E2A-C81D-4118-BB0B-C68D897E93C8}.Debug|Any CPU.ActiveCfg = Debug|Any CPU
		{FD305E2A-C81D-4118-BB0B-C68D897E93C8}.Debug|Any CPU.Build.0 = Debug|Any CPU
		{FD305E2A-C81D-4118-BB0B-C68D897E93C8}.Release|Any CPU.ActiveCfg = Release|Any CPU
		{FD305E2A-C81D-4118-BB0B-C68D897E93C8}.Release|Any CPU.Build.0 = Release|Any CPU
		{2C030AC6-D6C4-4ECC-8849-56B2B0D2A9BF}.Debug|Any CPU.ActiveCfg = Debug|Any CPU
		{2C030AC6-D6C4-4ECC-8849-56B2B0D2A9BF}.Debug|Any CPU.Build.0 = Debug|Any CPU
		{2C030AC6-D6C4-4ECC-8849-56B2B0D2A9BF}.Release|Any CPU.ActiveCfg = Release|Any CPU
		{2C030AC6-D6C4-4ECC-8849-56B2B0D2A9BF}.Release|Any CPU.Build.0 = Release|Any CPU
		{D38D4E64-9ADC-43B3-A422-4754AD0342EF}.Debug|Any CPU.ActiveCfg = Debug|Any CPU
		{D38D4E64-9ADC-43B3-A422-4754AD0342EF}.Debug|Any CPU.Build.0 = Debug|Any CPU
		{D38D4E64-9ADC-43B3-A422-4754AD0342EF}.Release|Any CPU.ActiveCfg = Release|Any CPU
		{D38D4E64-9ADC-43B3-A422-4754AD0342EF}.Release|Any CPU.Build.0 = Release|Any CPU
		{2F25E095-CEDD-4F22-BEBC-7F1980E66C25}.Debug|Any CPU.ActiveCfg = Debug|Any CPU
		{2F25E095-CEDD-4F22-BEBC-7F1980E66C25}.Debug|Any CPU.Build.0 = Debug|Any CPU
		{2F25E095-CEDD-4F22-BEBC-7F1980E66C25}.Release|Any CPU.ActiveCfg = Release|Any CPU
		{2F25E095-CEDD-4F22-BEBC-7F1980E66C25}.Release|Any CPU.Build.0 = Release|Any CPU
		{F30D768D-C8E7-4C0A-9A64-19C2B6B4E85D}.Debug|Any CPU.ActiveCfg = Debug|Any CPU
		{F30D768D-C8E7-4C0A-9A64-19C2B6B4E85D}.Debug|Any CPU.Build.0 = Debug|Any CPU
		{F30D768D-C8E7-4C0A-9A64-19C2B6B4E85D}.Release|Any CPU.ActiveCfg = Release|Any CPU
		{F30D768D-C8E7-4C0A-9A64-19C2B6B4E85D}.Release|Any CPU.Build.0 = Release|Any CPU
		{431AB5F0-3A4C-4E86-8756-EB0D85C49DA8}.Debug|Any CPU.ActiveCfg = Debug|Any CPU
		{431AB5F0-3A4C-4E86-8756-EB0D85C49DA8}.Debug|Any CPU.Build.0 = Debug|Any CPU
		{431AB5F0-3A4C-4E86-8756-EB0D85C49DA8}.Release|Any CPU.ActiveCfg = Release|Any CPU
		{431AB5F0-3A4C-4E86-8756-EB0D85C49DA8}.Release|Any CPU.Build.0 = Release|Any CPU
		{ADFD8B4B-6071-41B7-8376-D4B771A1C44D}.Debug|Any CPU.ActiveCfg = Debug|Any CPU
		{ADFD8B4B-6071-41B7-8376-D4B771A1C44D}.Debug|Any CPU.Build.0 = Debug|Any CPU
		{ADFD8B4B-6071-41B7-8376-D4B771A1C44D}.Release|Any CPU.ActiveCfg = Release|Any CPU
		{ADFD8B4B-6071-41B7-8376-D4B771A1C44D}.Release|Any CPU.Build.0 = Release|Any CPU
		{27A9E298-EF8D-46E2-83CE-824BF0E3827E}.Debug|Any CPU.ActiveCfg = Debug|Any CPU
		{27A9E298-EF8D-46E2-83CE-824BF0E3827E}.Debug|Any CPU.Build.0 = Debug|Any CPU
		{27A9E298-EF8D-46E2-83CE-824BF0E3827E}.Release|Any CPU.ActiveCfg = Release|Any CPU
		{27A9E298-EF8D-46E2-83CE-824BF0E3827E}.Release|Any CPU.Build.0 = Release|Any CPU
		{21A5E3DB-BED1-41C0-BEB8-1677639AB3D1}.Debug|Any CPU.ActiveCfg = Debug|Any CPU
		{21A5E3DB-BED1-41C0-BEB8-1677639AB3D1}.Debug|Any CPU.Build.0 = Debug|Any CPU
		{21A5E3DB-BED1-41C0-BEB8-1677639AB3D1}.Release|Any CPU.ActiveCfg = Release|Any CPU
		{21A5E3DB-BED1-41C0-BEB8-1677639AB3D1}.Release|Any CPU.Build.0 = Release|Any CPU
		{0E8FF449-ADA4-477E-BD96-CA027CA72B67}.Debug|Any CPU.ActiveCfg = Debug|Any CPU
		{0E8FF449-ADA4-477E-BD96-CA027CA72B67}.Debug|Any CPU.Build.0 = Debug|Any CPU
		{0E8FF449-ADA4-477E-BD96-CA027CA72B67}.Release|Any CPU.ActiveCfg = Release|Any CPU
		{0E8FF449-ADA4-477E-BD96-CA027CA72B67}.Release|Any CPU.Build.0 = Release|Any CPU
		{FD2AB212-C764-48AE-A8FC-9A896D909A18}.Debug|Any CPU.ActiveCfg = Debug|Any CPU
		{FD2AB212-C764-48AE-A8FC-9A896D909A18}.Debug|Any CPU.Build.0 = Debug|Any CPU
		{FD2AB212-C764-48AE-A8FC-9A896D909A18}.Release|Any CPU.ActiveCfg = Release|Any CPU
		{FD2AB212-C764-48AE-A8FC-9A896D909A18}.Release|Any CPU.Build.0 = Release|Any CPU
		{53F64612-5B1D-4A31-8F25-718598104ED4}.Debug|Any CPU.ActiveCfg = Debug|Any CPU
		{53F64612-5B1D-4A31-8F25-718598104ED4}.Debug|Any CPU.Build.0 = Debug|Any CPU
		{53F64612-5B1D-4A31-8F25-718598104ED4}.Release|Any CPU.ActiveCfg = Release|Any CPU
		{53F64612-5B1D-4A31-8F25-718598104ED4}.Release|Any CPU.Build.0 = Release|Any CPU
		{71AE2DEB-61BA-46F4-BD7C-1C5C540B842F}.Debug|Any CPU.ActiveCfg = Debug|Any CPU
		{71AE2DEB-61BA-46F4-BD7C-1C5C540B842F}.Debug|Any CPU.Build.0 = Debug|Any CPU
		{71AE2DEB-61BA-46F4-BD7C-1C5C540B842F}.Release|Any CPU.ActiveCfg = Release|Any CPU
		{71AE2DEB-61BA-46F4-BD7C-1C5C540B842F}.Release|Any CPU.Build.0 = Release|Any CPU
		{217CD5B8-C183-4E45-BB32-84BB3CDCA5AA}.Debug|Any CPU.ActiveCfg = Debug|Any CPU
		{217CD5B8-C183-4E45-BB32-84BB3CDCA5AA}.Debug|Any CPU.Build.0 = Debug|Any CPU
		{217CD5B8-C183-4E45-BB32-84BB3CDCA5AA}.Release|Any CPU.ActiveCfg = Release|Any CPU
		{217CD5B8-C183-4E45-BB32-84BB3CDCA5AA}.Release|Any CPU.Build.0 = Release|Any CPU
		{4E116D17-468F-4C50-ABFA-E73325CA9F33}.Debug|Any CPU.ActiveCfg = Debug|Any CPU
		{4E116D17-468F-4C50-ABFA-E73325CA9F33}.Debug|Any CPU.Build.0 = Debug|Any CPU
		{4E116D17-468F-4C50-ABFA-E73325CA9F33}.Release|Any CPU.ActiveCfg = Release|Any CPU
		{4E116D17-468F-4C50-ABFA-E73325CA9F33}.Release|Any CPU.Build.0 = Release|Any CPU
		{AFDC5054-7922-4743-93F5-0E09A07F0048}.Debug|Any CPU.ActiveCfg = Debug|Any CPU
		{AFDC5054-7922-4743-93F5-0E09A07F0048}.Debug|Any CPU.Build.0 = Debug|Any CPU
		{AFDC5054-7922-4743-93F5-0E09A07F0048}.Release|Any CPU.ActiveCfg = Release|Any CPU
		{AFDC5054-7922-4743-93F5-0E09A07F0048}.Release|Any CPU.Build.0 = Release|Any CPU
		{FB2F72D1-1748-4A96-93E9-88D2A0F86FAB}.Debug|Any CPU.ActiveCfg = Debug|Any CPU
		{FB2F72D1-1748-4A96-93E9-88D2A0F86FAB}.Debug|Any CPU.Build.0 = Debug|Any CPU
		{FB2F72D1-1748-4A96-93E9-88D2A0F86FAB}.Release|Any CPU.ActiveCfg = Release|Any CPU
		{FB2F72D1-1748-4A96-93E9-88D2A0F86FAB}.Release|Any CPU.Build.0 = Release|Any CPU
		{2DD66A14-D93D-4D03-8417-1ADBB3A04384}.Debug|Any CPU.ActiveCfg = Debug|Any CPU
		{2DD66A14-D93D-4D03-8417-1ADBB3A04384}.Debug|Any CPU.Build.0 = Debug|Any CPU
		{2DD66A14-D93D-4D03-8417-1ADBB3A04384}.Release|Any CPU.ActiveCfg = Release|Any CPU
		{2DD66A14-D93D-4D03-8417-1ADBB3A04384}.Release|Any CPU.Build.0 = Release|Any CPU
	EndGlobalSection
	GlobalSection(SolutionProperties) = preSolution
		HideSolutionNode = FALSE
	EndGlobalSection
	GlobalSection(NestedProjects) = preSolution
		{8BC77BD5-6863-4148-995F-7E2538F52078} = {6858AEE3-888E-4E2A-8B8C-5A485D6239E7}
		{AB00E50B-F52F-4531-92BC-C4FA13D1AEA5} = {C29938D6-6DDC-4E35-9161-CC95CA19BA3D}
		{FC2A07A9-4982-4C09-A53B-B4C666A81608} = {10E8522A-83B9-46DB-9DA3-B3D061D108D2}
		{6F5C92F6-34C5-4BE1-802E-41A7F884AD02} = {84BC456B-2D06-4C07-80E4-0B330F4A58B8}
		{EDFC5908-3D35-4B95-86EE-950CA128EBD2} = {21B4276F-7DCE-47FA-B2C8-4245ED103F84}
		{8F875A5D-76DA-4310-8847-DDF661DBFF22} = {54067BFD-3C60-44DA-8A44-52F066C5B0E6}
		{06C6F650-66FD-4619-9F0D-504BAFE95D9B} = {54067BFD-3C60-44DA-8A44-52F066C5B0E6}
		{5256F526-4683-40A8-B561-ED6CA0480E81} = {54067BFD-3C60-44DA-8A44-52F066C5B0E6}
		{480A25C5-CA8B-45CA-8C19-1388CA15395D} = {54067BFD-3C60-44DA-8A44-52F066C5B0E6}
		{324DA92D-0C6A-43BA-866A-77C960FC3DE3} = {54067BFD-3C60-44DA-8A44-52F066C5B0E6}
		{095306F5-F242-4CFB-8CD4-D258C07C4CDA} = {54067BFD-3C60-44DA-8A44-52F066C5B0E6}
		{ABA04867-3D1A-41DD-8040-761D3D28ED9D} = {54067BFD-3C60-44DA-8A44-52F066C5B0E6}
		{B98C02B0-42A3-4247-8035-EA7CF25530A7} = {10E8522A-83B9-46DB-9DA3-B3D061D108D2}
		{1B445E18-6CE2-43D6-84A4-E40B77B96FFF} = {10E8522A-83B9-46DB-9DA3-B3D061D108D2}
		{D86235D8-5062-4106-9757-FD1D822E8558} = {10E8522A-83B9-46DB-9DA3-B3D061D108D2}
		{D6F228F0-AB74-4AB3-A727-6D6C91A14455} = {C29938D6-6DDC-4E35-9161-CC95CA19BA3D}
		{7EA0E1CA-11BA-4A07-BB81-56426BBA1F34} = {C29938D6-6DDC-4E35-9161-CC95CA19BA3D}
		{DEF498F4-BD50-4F7C-A646-F038309478CA} = {C29938D6-6DDC-4E35-9161-CC95CA19BA3D}
		{1F34354D-9B0D-43DC-84B0-3933B283D42F} = {C29938D6-6DDC-4E35-9161-CC95CA19BA3D}
		{223E9495-1B57-48FA-B3A8-095DC16D9FD5} = {C29938D6-6DDC-4E35-9161-CC95CA19BA3D}
		{FD305E2A-C81D-4118-BB0B-C68D897E93C8} = {C29938D6-6DDC-4E35-9161-CC95CA19BA3D}
		{2C030AC6-D6C4-4ECC-8849-56B2B0D2A9BF} = {54067BFD-3C60-44DA-8A44-52F066C5B0E6}
		{08A1970D-F43B-4A9E-98A3-AD698F317E8C} = {EDA0FB79-F3F3-42F1-BF17-6A6884331762}
		{84464734-D979-4554-85D1-E17C8F4B31A1} = {6858AEE3-888E-4E2A-8B8C-5A485D6239E7}
		{10E8522A-83B9-46DB-9DA3-B3D061D108D2} = {84464734-D979-4554-85D1-E17C8F4B31A1}
		{C29938D6-6DDC-4E35-9161-CC95CA19BA3D} = {84464734-D979-4554-85D1-E17C8F4B31A1}
		{80DB6649-8931-4A7F-B5F4-8A6710AB102E} = {6858AEE3-888E-4E2A-8B8C-5A485D6239E7}
		{84BC456B-2D06-4C07-80E4-0B330F4A58B8} = {80DB6649-8931-4A7F-B5F4-8A6710AB102E}
		{21B4276F-7DCE-47FA-B2C8-4245ED103F84} = {80DB6649-8931-4A7F-B5F4-8A6710AB102E}
		{2146E9D2-CB98-45AF-9C5C-FC52444F8F93} = {6858AEE3-888E-4E2A-8B8C-5A485D6239E7}
		{54067BFD-3C60-44DA-8A44-52F066C5B0E6} = {6858AEE3-888E-4E2A-8B8C-5A485D6239E7}
		{8A120BF2-F6D3-426D-B8DD-302446CEE2F3} = {6858AEE3-888E-4E2A-8B8C-5A485D6239E7}
		{D38D4E64-9ADC-43B3-A422-4754AD0342EF} = {2146E9D2-CB98-45AF-9C5C-FC52444F8F93}
		{2F25E095-CEDD-4F22-BEBC-7F1980E66C25} = {84BC456B-2D06-4C07-80E4-0B330F4A58B8}
		{F30D768D-C8E7-4C0A-9A64-19C2B6B4E85D} = {84BC456B-2D06-4C07-80E4-0B330F4A58B8}
		{431AB5F0-3A4C-4E86-8756-EB0D85C49DA8} = {84BC456B-2D06-4C07-80E4-0B330F4A58B8}
		{ADFD8B4B-6071-41B7-8376-D4B771A1C44D} = {21B4276F-7DCE-47FA-B2C8-4245ED103F84}
		{27A9E298-EF8D-46E2-83CE-824BF0E3827E} = {21B4276F-7DCE-47FA-B2C8-4245ED103F84}
		{21A5E3DB-BED1-41C0-BEB8-1677639AB3D1} = {21B4276F-7DCE-47FA-B2C8-4245ED103F84}
		{0E8FF449-ADA4-477E-BD96-CA027CA72B67} = {21B4276F-7DCE-47FA-B2C8-4245ED103F84}
		{FD2AB212-C764-48AE-A8FC-9A896D909A18} = {21B4276F-7DCE-47FA-B2C8-4245ED103F84}
		{53F64612-5B1D-4A31-8F25-718598104ED4} = {8A120BF2-F6D3-426D-B8DD-302446CEE2F3}
		{71AE2DEB-61BA-46F4-BD7C-1C5C540B842F} = {54067BFD-3C60-44DA-8A44-52F066C5B0E6}
		{217CD5B8-C183-4E45-BB32-84BB3CDCA5AA} = {54067BFD-3C60-44DA-8A44-52F066C5B0E6}
		{4E116D17-468F-4C50-ABFA-E73325CA9F33} = {54067BFD-3C60-44DA-8A44-52F066C5B0E6}
		{AFDC5054-7922-4743-93F5-0E09A07F0048} = {6858AEE3-888E-4E2A-8B8C-5A485D6239E7}
		{FB2F72D1-1748-4A96-93E9-88D2A0F86FAB} = {6AC1859C-7AF0-4AA6-88AF-DDCD370D0F34}
		{31B50F43-B768-4594-9D1D-1BE89D476843} = {6858AEE3-888E-4E2A-8B8C-5A485D6239E7}
		{2DD66A14-D93D-4D03-8417-1ADBB3A04384} = {31B50F43-B768-4594-9D1D-1BE89D476843}
	EndGlobalSection
	GlobalSection(ExtensibilityGlobals) = postSolution
		SolutionGuid = {19AE3DE5-D068-41AB-84D4-06EA3136B87C}
	EndGlobalSection
EndGlobal
